<?xml version="1.0" encoding="utf-8"?>
<Project ToolsVersion="4.0" xmlns="http://schemas.microsoft.com/developer/msbuild/2003">
  <ItemGroup>
    <Filter Include="Исходные файлы">
      <UniqueIdentifier>{4FC737F1-C7A5-4376-A066-2A32D752A2FF}</UniqueIdentifier>
      <Extensions>cpp;c;cc;cxx;c++;cppm;ixx;def;odl;idl;hpj;bat;asm;asmx</Extensions>
    </Filter>
    <Filter Include="Файлы заголовков">
      <UniqueIdentifier>{93995380-89BD-4b04-88EB-625FBE52EBFB}</UniqueIdentifier>
      <Extensions>h;hh;hpp;hxx;h++;hm;inl;inc;ipp;xsd</Extensions>
    </Filter>
    <Filter Include="Файлы ресурсов">
      <UniqueIdentifier>{67DA6AB6-F800-4c08-8B7A-83BB121AAD01}</UniqueIdentifier>
      <Extensions>rc;ico;cur;bmp;dlg;rc2;rct;bin;rgs;gif;jpg;jpeg;jpe;resx;tiff;tif;png;wav;mfcribbon-ms</Extensions>
    </Filter>
    <Filter Include="Исходные файлы\Model">
      <UniqueIdentifier>{3c7e27ed-c223-40bf-8ef4-6ffe0aa24f89}</UniqueIdentifier>
    </Filter>
    <Filter Include="Исходные файлы\View">
      <UniqueIdentifier>{38b70592-694d-4ad7-9572-eac7f09d30ad}</UniqueIdentifier>
    </Filter>
    <Filter Include="Исходные файлы\Controller">
      <UniqueIdentifier>{3a78a2e7-9c07-4d9e-a720-271976a7d315}</UniqueIdentifier>
    </Filter>
    <Filter Include="Исходные файлы\Model\event">
      <UniqueIdentifier>{97ecfb90-2d85-4ba6-ace1-ccb2bf5fbfc4}</UniqueIdentifier>
    </Filter>
    <Filter Include="Файлы заголовков\Controller">
      <UniqueIdentifier>{7d94ca45-1584-441f-be7b-2ac6e77c2eaf}</UniqueIdentifier>
    </Filter>
    <Filter Include="Файлы заголовков\Model">
      <UniqueIdentifier>{0fb948be-a2ab-4536-bbe3-ab9ce49db4d9}</UniqueIdentifier>
    </Filter>
    <Filter Include="Файлы заголовков\View">
      <UniqueIdentifier>{00eaeafe-af1e-42e6-aa0b-da6ebe1db3fb}</UniqueIdentifier>
    </Filter>
    <Filter Include="Файлы заголовков\Model\event">
      <UniqueIdentifier>{a8e9f72f-5a30-47a4-94ca-708dd8ffcb1f}</UniqueIdentifier>
    </Filter>
    <Filter Include="Исходные файлы\Model\event\eventFactory">
      <UniqueIdentifier>{fa2d69a8-49fe-42b5-a400-121dd22fcb81}</UniqueIdentifier>
    </Filter>
    <Filter Include="Файлы заголовков\Model\event\eventFactory">
      <UniqueIdentifier>{1eeada55-01f0-4e4f-9b45-d8134e7baef9}</UniqueIdentifier>
    </Filter>
  </ItemGroup>
  <ItemGroup>
    <ClCompile Include="Game.cpp">
      <Filter>Исходные файлы</Filter>
    </ClCompile>
    <ClCompile Include="Controller\Mediator.cpp">
      <Filter>Исходные файлы\Controller</Filter>
    </ClCompile>
    <ClCompile Include="Controller\ComandReader.cpp">
      <Filter>Исходные файлы\Controller</Filter>
    </ClCompile>
    <ClCompile Include="View\FieldView.cpp">
      <Filter>Исходные файлы\View</Filter>
    </ClCompile>
    <ClCompile Include="Model\Cell.cpp">
      <Filter>Исходные файлы\Model</Filter>
    </ClCompile>
    <ClCompile Include="Model\Hero.cpp">
      <Filter>Исходные файлы\Model</Filter>
    </ClCompile>
    <ClCompile Include="Model\Field.cpp">
      <Filter>Исходные файлы\Model</Filter>
    </ClCompile>
    <ClCompile Include="Controller\StateGame.cpp">
      <Filter>Исходные файлы\Controller</Filter>
    </ClCompile>
    <ClCompile Include="Controller\Keyboard.cpp">
      <Filter>Исходные файлы\Controller</Filter>
    </ClCompile>
    <ClCompile Include="Model\Event\ExitEvent.cpp">
      <Filter>Исходные файлы\Model\event</Filter>
    </ClCompile>
    <ClCompile Include="Model\Event\Event.cpp">
      <Filter>Исходные файлы\Model\event</Filter>
    </ClCompile>
    <ClCompile Include="Model\Event\AgeEvent.cpp">
      <Filter>Исходные файлы\Model\event</Filter>
    </ClCompile>
    <ClCompile Include="Model\Event\HeroEvents.cpp">
      <Filter>Исходные файлы\Model\event</Filter>
    </ClCompile>
    <ClCompile Include="Model\Event\MapEvents.cpp">
      <Filter>Исходные файлы\Model\event</Filter>
    </ClCompile>
    <ClCompile Include="Model\Event\HealthEvent.cpp">
      <Filter>Исходные файлы\Model\event</Filter>
    </ClCompile>
    <ClCompile Include="Model\Event\WallEvent.cpp">
      <Filter>Исходные файлы\Model\event</Filter>
    </ClCompile>
    <ClCompile Include="Model\Event\FactoryEvent\EventFactory.cpp">
      <Filter>Исходные файлы\Model\event\eventFactory</Filter>
    </ClCompile>
    <ClCompile Include="Model\Event\FactoryEvent\AgeEventFactory.cpp">
      <Filter>Исходные файлы\Model\event\eventFactory</Filter>
    </ClCompile>
    <ClCompile Include="Model\Event\FactoryEvent\HealthEventFactory.cpp">
      <Filter>Исходные файлы\Model\event\eventFactory</Filter>
    </ClCompile>
    <ClCompile Include="Model\Event\FactoryEvent\ExitEventFactory.cpp">
      <Filter>Исходные файлы\Model\event\eventFactory</Filter>
    </ClCompile>
    <ClCompile Include="Model\Event\FactoryEvent\WallEventFactory.cpp">
      <Filter>Исходные файлы\Model\event\eventFactory</Filter>
    </ClCompile>
  </ItemGroup>
  <ItemGroup>
    <ClInclude Include="resource.h">
      <Filter>Файлы заголовков</Filter>
    </ClInclude>
    <ClInclude Include="Controller\ComandReader.h">
      <Filter>Файлы заголовков\Controller</Filter>
    </ClInclude>
    <ClInclude Include="Controller\Mediator.h">
      <Filter>Файлы заголовков\Controller</Filter>
    </ClInclude>
    <ClInclude Include="Controller\StateGame.h">
      <Filter>Файлы заголовков\Controller</Filter>
    </ClInclude>
    <ClInclude Include="Controller\Keyboard.h">
      <Filter>Файлы заголовков\Controller</Filter>
    </ClInclude>
    <ClInclude Include="Model\Cell.h">
      <Filter>Файлы заголовков\Model</Filter>
    </ClInclude>
    <ClInclude Include="Model\Field.h">
      <Filter>Файлы заголовков\Model</Filter>
    </ClInclude>
    <ClInclude Include="Model\Hero.h">
      <Filter>Файлы заголовков\Model</Filter>
    </ClInclude>
    <ClInclude Include="View\FieldView.h">
      <Filter>Файлы заголовков\View</Filter>
    </ClInclude>
    <ClInclude Include="Model\Event\ExitEvent.h">
      <Filter>Файлы заголовков\Model\event</Filter>
    </ClInclude>
    <ClInclude Include="Model\Event\Event.h">
      <Filter>Файлы заголовков\Model\event</Filter>
    </ClInclude>
    <ClInclude Include="Model\Event\AgeEvent.h">
      <Filter>Файлы заголовков\Model\event</Filter>
    </ClInclude>
    <ClInclude Include="Model\Event\MapEvents.h">
      <Filter>Файлы заголовков\Model\event</Filter>
    </ClInclude>
    <ClInclude Include="Model\Event\HeroEvents.h">
      <Filter>Файлы заголовков\Model\event</Filter>
    </ClInclude>
    <ClInclude Include="Model\Event\WallEvent.h">
      <Filter>Файлы заголовков\Model\event</Filter>
    </ClInclude>
    <ClInclude Include="Model\Event\HealthEvent.h">
      <Filter>Файлы заголовков\Model\event</Filter>
    </ClInclude>
    <ClInclude Include="Model\Event\FactoryEvent\EventFactory.h">
      <Filter>Файлы заголовков\Model\event\eventFactory</Filter>
    </ClInclude>
    <ClInclude Include="Model\Event\FactoryEvent\AgeEventFactory.h">
      <Filter>Файлы заголовков\Model\event\eventFactory</Filter>
    </ClInclude>
    <ClInclude Include="Model\Event\FactoryEvent\HealthEventFactory.h">
      <Filter>Файлы заголовков\Model\event\eventFactory</Filter>
    </ClInclude>
    <ClInclude Include="Model\Event\FactoryEvent\ExitEventFactory.h">
      <Filter>Файлы заголовков\Model\event\eventFactory</Filter>
    </ClInclude>
    <ClInclude Include="Model\Event\FactoryEvent\WallEventFactory.h">
      <Filter>Файлы заголовков\Model\event\eventFactory</Filter>
    </ClInclude>
  </ItemGroup>
  <ItemGroup>
    <ResourceCompile Include="Game.rc">
      <Filter>Файлы ресурсов</Filter>
    </ResourceCompile>
  </ItemGroup>
</Project>